// !$*UTF8*$!
{
	archiveVersion = 1;
	classes = {
	};
	objectVersion = 46;
	objects = {

/* Begin PBXBuildFile section */
		4212B379193E306D00A854DC /* AppDelegate.swift in Sources */ = {isa = PBXBuildFile; fileRef = 4212B378193E306D00A854DC /* AppDelegate.swift */; };
		4212B37B193E306D00A854DC /* Images.xcassets in Resources */ = {isa = PBXBuildFile; fileRef = 4212B37A193E306D00A854DC /* Images.xcassets */; };
		4212B394193E310B00A854DC /* FirstSwiftPlayground.swift in Sources */ = {isa = PBXBuildFile; fileRef = 4212B393193E310B00A854DC /* FirstSwiftPlayground.swift */; };
		4958747F193E4DDC00EC8139 /* ChainingTests.swift in Sources */ = {isa = PBXBuildFile; fileRef = 4958747E193E4DDC00EC8139 /* ChainingTests.swift */; };
		49587480193E4DE500EC8139 /* Enum.swift in Sources */ = {isa = PBXBuildFile; fileRef = 49AF4231193E46EE00181223 /* Enum.swift */; };
		49587481193E4DE800EC8139 /* Overload.swift in Sources */ = {isa = PBXBuildFile; fileRef = 49AF422F193E45CF00181223 /* Overload.swift */; };
		49587482193E4DEA00EC8139 /* Chaining.swift in Sources */ = {isa = PBXBuildFile; fileRef = 49AF4233193E4B4800181223 /* Chaining.swift */; };
		49587484193E4F0C00EC8139 /* Overload.swift in Sources */ = {isa = PBXBuildFile; fileRef = 49587483193E4F0C00EC8139 /* Overload.swift */; };
		49587486193E502A00EC8139 /* EnumTests.swift in Sources */ = {isa = PBXBuildFile; fileRef = 49587485193E502A00EC8139 /* EnumTests.swift */; };
		499C910E193E36890096B932 /* Swift_ShowcaseTests.swift in Sources */ = {isa = PBXBuildFile; fileRef = 4212B386193E306D00A854DC /* Swift_ShowcaseTests.swift */; };
		499C910F193E36900096B932 /* FirstSwiftPlayground.swift in Sources */ = {isa = PBXBuildFile; fileRef = 4212B393193E310B00A854DC /* FirstSwiftPlayground.swift */; };
		49AF4230193E45CF00181223 /* Overload.swift in Sources */ = {isa = PBXBuildFile; fileRef = 49AF422F193E45CF00181223 /* Overload.swift */; };
		49AF4232193E46EE00181223 /* Enum.swift in Sources */ = {isa = PBXBuildFile; fileRef = 49AF4231193E46EE00181223 /* Enum.swift */; };
		49AF4234193E4B4800181223 /* Chaining.swift in Sources */ = {isa = PBXBuildFile; fileRef = 49AF4233193E4B4800181223 /* Chaining.swift */; };
/* End PBXBuildFile section */

/* Begin PBXContainerItemProxy section */
		4212B381193E306D00A854DC /* PBXContainerItemProxy */ = {
			isa = PBXContainerItemProxy;
			containerPortal = 4212B36B193E306D00A854DC /* Project object */;
			proxyType = 1;
			remoteGlobalIDString = 4212B372193E306D00A854DC;
			remoteInfo = "Swift Showcase";
		};
		4212B396193E32BE00A854DC /* PBXContainerItemProxy */ = {
			isa = PBXContainerItemProxy;
			containerPortal = 4212B36B193E306D00A854DC /* Project object */;
			proxyType = 1;
			remoteGlobalIDString = 4212B372193E306D00A854DC;
			remoteInfo = "Swift Showcase";
		};
/* End PBXContainerItemProxy section */

/* Begin PBXFileReference section */
		4212B373193E306D00A854DC /* Swift Showcase.app */ = {isa = PBXFileReference; explicitFileType = wrapper.application; includeInIndex = 0; path = "Swift Showcase.app"; sourceTree = BUILT_PRODUCTS_DIR; };
		4212B377193E306D00A854DC /* Info.plist */ = {isa = PBXFileReference; lastKnownFileType = text.plist.xml; path = Info.plist; sourceTree = "<group>"; };
		4212B378193E306D00A854DC /* AppDelegate.swift */ = {isa = PBXFileReference; lastKnownFileType = sourcecode.swift; path = AppDelegate.swift; sourceTree = "<group>"; };
		4212B37A193E306D00A854DC /* Images.xcassets */ = {isa = PBXFileReference; lastKnownFileType = folder.assetcatalog; path = Images.xcassets; sourceTree = "<group>"; };
		4212B380193E306D00A854DC /* Swift ShowcaseTests.xctest */ = {isa = PBXFileReference; explicitFileType = wrapper.cfbundle; includeInIndex = 0; path = "Swift ShowcaseTests.xctest"; sourceTree = BUILT_PRODUCTS_DIR; };
		4212B385193E306D00A854DC /* Info.plist */ = {isa = PBXFileReference; lastKnownFileType = text.plist.xml; path = Info.plist; sourceTree = "<group>"; };
		4212B386193E306D00A854DC /* Swift_ShowcaseTests.swift */ = {isa = PBXFileReference; lastKnownFileType = sourcecode.swift; path = Swift_ShowcaseTests.swift; sourceTree = "<group>"; };
		4212B393193E310B00A854DC /* FirstSwiftPlayground.swift */ = {isa = PBXFileReference; fileEncoding = 4; lastKnownFileType = sourcecode.swift; path = FirstSwiftPlayground.swift; sourceTree = "<group>"; };
		4958747E193E4DDC00EC8139 /* ChainingTests.swift */ = {isa = PBXFileReference; fileEncoding = 4; lastKnownFileType = sourcecode.swift; path = ChainingTests.swift; sourceTree = "<group>"; };
		49587483193E4F0C00EC8139 /* Overload.swift */ = {isa = PBXFileReference; fileEncoding = 4; lastKnownFileType = sourcecode.swift; path = Overload.swift; sourceTree = "<group>"; };
		49587485193E502A00EC8139 /* EnumTests.swift */ = {isa = PBXFileReference; fileEncoding = 4; lastKnownFileType = sourcecode.swift; path = EnumTests.swift; sourceTree = "<group>"; };
		49AF422F193E45CF00181223 /* Overload.swift */ = {isa = PBXFileReference; fileEncoding = 4; lastKnownFileType = sourcecode.swift; path = Overload.swift; sourceTree = "<group>"; };
		49AF4231193E46EE00181223 /* Enum.swift */ = {isa = PBXFileReference; fileEncoding = 4; lastKnownFileType = sourcecode.swift; path = Enum.swift; sourceTree = "<group>"; };
		49AF4233193E4B4800181223 /* Chaining.swift */ = {isa = PBXFileReference; fileEncoding = 4; lastKnownFileType = sourcecode.swift; path = Chaining.swift; sourceTree = "<group>"; };
/* End PBXFileReference section */

/* Begin PBXFrameworksBuildPhase section */
		4212B370193E306D00A854DC /* Frameworks */ = {
			isa = PBXFrameworksBuildPhase;
			buildActionMask = 2147483647;
			files = (
			);
			runOnlyForDeploymentPostprocessing = 0;
		};
		4212B37D193E306D00A854DC /* Frameworks */ = {
			isa = PBXFrameworksBuildPhase;
			buildActionMask = 2147483647;
			files = (
			);
			runOnlyForDeploymentPostprocessing = 0;
		};
/* End PBXFrameworksBuildPhase section */

/* Begin PBXGroup section */
		4212B36A193E306D00A854DC = {
			isa = PBXGroup;
			children = (
				4212B375193E306D00A854DC /* Swift Showcase */,
				4212B383193E306D00A854DC /* Swift ShowcaseTests */,
				4212B374193E306D00A854DC /* Products */,
			);
			sourceTree = "<group>";
		};
		4212B374193E306D00A854DC /* Products */ = {
			isa = PBXGroup;
			children = (
				4212B373193E306D00A854DC /* Swift Showcase.app */,
				4212B380193E306D00A854DC /* Swift ShowcaseTests.xctest */,
			);
			name = Products;
			sourceTree = "<group>";
		};
		4212B375193E306D00A854DC /* Swift Showcase */ = {
			isa = PBXGroup;
			children = (
				4212B392193E310B00A854DC /* Playgrounds */,
				4212B378193E306D00A854DC /* AppDelegate.swift */,
				4212B37A193E306D00A854DC /* Images.xcassets */,
				4212B376193E306D00A854DC /* Supporting Files */,
			);
			path = "Swift Showcase";
			sourceTree = "<group>";
		};
		4212B376193E306D00A854DC /* Supporting Files */ = {
			isa = PBXGroup;
			children = (
				4212B377193E306D00A854DC /* Info.plist */,
			);
			name = "Supporting Files";
			sourceTree = "<group>";
		};
		4212B383193E306D00A854DC /* Swift ShowcaseTests */ = {
			isa = PBXGroup;
			children = (
				4212B386193E306D00A854DC /* Swift_ShowcaseTests.swift */,
				4212B384193E306D00A854DC /* Supporting Files */,
				4958747E193E4DDC00EC8139 /* ChainingTests.swift */,
				49587483193E4F0C00EC8139 /* Overload.swift */,
				49587485193E502A00EC8139 /* EnumTests.swift */,
			);
			path = "Swift ShowcaseTests";
			sourceTree = "<group>";
		};
		4212B384193E306D00A854DC /* Supporting Files */ = {
			isa = PBXGroup;
			children = (
				4212B385193E306D00A854DC /* Info.plist */,
			);
			name = "Supporting Files";
			sourceTree = "<group>";
		};
		4212B392193E310B00A854DC /* Playgrounds */ = {
			isa = PBXGroup;
			children = (
				4212B393193E310B00A854DC /* FirstSwiftPlayground.swift */,
				49AF422F193E45CF00181223 /* Overload.swift */,
				49AF4231193E46EE00181223 /* Enum.swift */,
				49AF4233193E4B4800181223 /* Chaining.swift */,
			);
			path = Playgrounds;
			sourceTree = "<group>";
		};
/* End PBXGroup section */

/* Begin PBXNativeTarget section */
		4212B372193E306D00A854DC /* Swift Showcase */ = {
			isa = PBXNativeTarget;
			buildConfigurationList = 4212B38A193E306D00A854DC /* Build configuration list for PBXNativeTarget "Swift Showcase" */;
			buildPhases = (
				4212B36F193E306D00A854DC /* Sources */,
				4212B370193E306D00A854DC /* Frameworks */,
				4212B371193E306D00A854DC /* Resources */,
			);
			buildRules = (
			);
			dependencies = (
			);
			name = "Swift Showcase";
			productName = "Swift Showcase";
			productReference = 4212B373193E306D00A854DC /* Swift Showcase.app */;
			productType = "com.apple.product-type.application";
		};
		4212B37F193E306D00A854DC /* Swift ShowcaseTests */ = {
			isa = PBXNativeTarget;
			buildConfigurationList = 4212B38D193E306D00A854DC /* Build configuration list for PBXNativeTarget "Swift ShowcaseTests" */;
			buildPhases = (
				4212B37C193E306D00A854DC /* Sources */,
				4212B37D193E306D00A854DC /* Frameworks */,
				4212B37E193E306D00A854DC /* Resources */,
			);
			buildRules = (
			);
			dependencies = (
				4212B382193E306D00A854DC /* PBXTargetDependency */,
				4212B397193E32BE00A854DC /* PBXTargetDependency */,
			);
			name = "Swift ShowcaseTests";
			productName = "Swift ShowcaseTests";
			productReference = 4212B380193E306D00A854DC /* Swift ShowcaseTests.xctest */;
			productType = "com.apple.product-type.bundle.unit-test";
		};
/* End PBXNativeTarget section */

/* Begin PBXProject section */
		4212B36B193E306D00A854DC /* Project object */ = {
			isa = PBXProject;
			attributes = {
				LastUpgradeCheck = 0600;
				ORGANIZATIONNAME = "Xebia IT Architects";
				TargetAttributes = {
					4212B372193E306D00A854DC = {
						CreatedOnToolsVersion = 6.0;
					};
					4212B37F193E306D00A854DC = {
						CreatedOnToolsVersion = 6.0;
						TestTargetID = 4212B372193E306D00A854DC;
					};
				};
			};
			buildConfigurationList = 4212B36E193E306D00A854DC /* Build configuration list for PBXProject "Swift Showcase" */;
			compatibilityVersion = "Xcode 3.2";
			developmentRegion = English;
			hasScannedForEncodings = 0;
			knownRegions = (
				en,
			);
			mainGroup = 4212B36A193E306D00A854DC;
			productRefGroup = 4212B374193E306D00A854DC /* Products */;
			projectDirPath = "";
			projectRoot = "";
			targets = (
				4212B372193E306D00A854DC /* Swift Showcase */,
				4212B37F193E306D00A854DC /* Swift ShowcaseTests */,
			);
		};
/* End PBXProject section */

/* Begin PBXResourcesBuildPhase section */
		4212B371193E306D00A854DC /* Resources */ = {
			isa = PBXResourcesBuildPhase;
			buildActionMask = 2147483647;
			files = (
				4212B37B193E306D00A854DC /* Images.xcassets in Resources */,
			);
			runOnlyForDeploymentPostprocessing = 0;
		};
		4212B37E193E306D00A854DC /* Resources */ = {
			isa = PBXResourcesBuildPhase;
			buildActionMask = 2147483647;
			files = (
			);
			runOnlyForDeploymentPostprocessing = 0;
		};
/* End PBXResourcesBuildPhase section */

/* Begin PBXSourcesBuildPhase section */
		4212B36F193E306D00A854DC /* Sources */ = {
			isa = PBXSourcesBuildPhase;
			buildActionMask = 2147483647;
			files = (
				49AF4230193E45CF00181223 /* Overload.swift in Sources */,
				49AF4232193E46EE00181223 /* Enum.swift in Sources */,
				4212B394193E310B00A854DC /* FirstSwiftPlayground.swift in Sources */,
				4212B379193E306D00A854DC /* AppDelegate.swift in Sources */,
				49AF4234193E4B4800181223 /* Chaining.swift in Sources */,
			);
			runOnlyForDeploymentPostprocessing = 0;
		};
		4212B37C193E306D00A854DC /* Sources */ = {
			isa = PBXSourcesBuildPhase;
			buildActionMask = 2147483647;
			files = (
				49587482193E4DEA00EC8139 /* Chaining.swift in Sources */,
				49587484193E4F0C00EC8139 /* Overload.swift in Sources */,
				49587486193E502A00EC8139 /* EnumTests.swift in Sources */,
				4958747F193E4DDC00EC8139 /* ChainingTests.swift in Sources */,
				499C910E193E36890096B932 /* Swift_ShowcaseTests.swift in Sources */,
				49587481193E4DE800EC8139 /* Overload.swift in Sources */,
				49587480193E4DE500EC8139 /* Enum.swift in Sources */,
				499C910F193E36900096B932 /* FirstSwiftPlayground.swift in Sources */,
			);
			runOnlyForDeploymentPostprocessing = 0;
		};
/* End PBXSourcesBuildPhase section */

/* Begin PBXTargetDependency section */
		4212B382193E306D00A854DC /* PBXTargetDependency */ = {
			isa = PBXTargetDependency;
			target = 4212B372193E306D00A854DC /* Swift Showcase */;
			targetProxy = 4212B381193E306D00A854DC /* PBXContainerItemProxy */;
		};
		4212B397193E32BE00A854DC /* PBXTargetDependency */ = {
			isa = PBXTargetDependency;
			target = 4212B372193E306D00A854DC /* Swift Showcase */;
			targetProxy = 4212B396193E32BE00A854DC /* PBXContainerItemProxy */;
		};
/* End PBXTargetDependency section */

/* Begin XCBuildConfiguration section */
		4212B388193E306D00A854DC /* Debug */ = {
			isa = XCBuildConfiguration;
			buildSettings = {
				ALWAYS_SEARCH_USER_PATHS = NO;
				CLANG_CXX_LANGUAGE_STANDARD = "gnu++0x";
				CLANG_CXX_LIBRARY = "libc++";
				CLANG_ENABLE_MODULES = YES;
				CLANG_ENABLE_OBJC_ARC = YES;
				CLANG_WARN_BOOL_CONVERSION = YES;
				CLANG_WARN_CONSTANT_CONVERSION = YES;
				CLANG_WARN_DIRECT_OBJC_ISA_USAGE = YES_ERROR;
				CLANG_WARN_EMPTY_BODY = YES;
				CLANG_WARN_ENUM_CONVERSION = YES;
				CLANG_WARN_INT_CONVERSION = YES;
				CLANG_WARN_OBJC_ROOT_CLASS = YES_ERROR;
				CLANG_WARN_UNREACHABLE_CODE = YES;
				CLANG_WARN__DUPLICATE_METHOD_MATCH = YES;
				"CODE_SIGN_IDENTITY[sdk=iphoneos*]" = "iPhone Developer";
				COPY_PHASE_STRIP = NO;
				ENABLE_STRICT_OBJC_MSGSEND = YES;
				GCC_C_LANGUAGE_STANDARD = gnu99;
				GCC_DYNAMIC_NO_PIC = NO;
				GCC_OPTIMIZATION_LEVEL = 0;
				GCC_PREPROCESSOR_DEFINITIONS = (
					"DEBUG=1",
					"$(inherited)",
				);
				GCC_SYMBOLS_PRIVATE_EXTERN = NO;
				GCC_WARN_64_TO_32_BIT_CONVERSION = YES;
				GCC_WARN_ABOUT_RETURN_TYPE = YES_ERROR;
				GCC_WARN_UNDECLARED_SELECTOR = YES;
				GCC_WARN_UNINITIALIZED_AUTOS = YES_AGGRESSIVE;
				GCC_WARN_UNUSED_FUNCTION = YES;
				GCC_WARN_UNUSED_VARIABLE = YES;
				IPHONEOS_DEPLOYMENT_TARGET = 8.0;
				METAL_ENABLE_DEBUG_INFO = YES;
				ONLY_ACTIVE_ARCH = YES;
				SDKROOT = iphoneos;
				SWIFT_OPTIMIZATION_LEVEL = "-Onone";
			};
			name = Debug;
		};
		4212B389193E306D00A854DC /* Release */ = {
			isa = XCBuildConfiguration;
			buildSettings = {
				ALWAYS_SEARCH_USER_PATHS = NO;
				CLANG_CXX_LANGUAGE_STANDARD = "gnu++0x";
				CLANG_CXX_LIBRARY = "libc++";
				CLANG_ENABLE_MODULES = YES;
				CLANG_ENABLE_OBJC_ARC = YES;
				CLANG_WARN_BOOL_CONVERSION = YES;
				CLANG_WARN_CONSTANT_CONVERSION = YES;
				CLANG_WARN_DIRECT_OBJC_ISA_USAGE = YES_ERROR;
				CLANG_WARN_EMPTY_BODY = YES;
				CLANG_WARN_ENUM_CONVERSION = YES;
				CLANG_WARN_INT_CONVERSION = YES;
				CLANG_WARN_OBJC_ROOT_CLASS = YES_ERROR;
				CLANG_WARN_UNREACHABLE_CODE = YES;
				CLANG_WARN__DUPLICATE_METHOD_MATCH = YES;
				"CODE_SIGN_IDENTITY[sdk=iphoneos*]" = "iPhone Developer";
				COPY_PHASE_STRIP = YES;
				ENABLE_NS_ASSERTIONS = NO;
				ENABLE_STRICT_OBJC_MSGSEND = YES;
				GCC_C_LANGUAGE_STANDARD = gnu99;
				GCC_WARN_64_TO_32_BIT_CONVERSION = YES;
				GCC_WARN_ABOUT_RETURN_TYPE = YES_ERROR;
				GCC_WARN_UNDECLARED_SELECTOR = YES;
				GCC_WARN_UNINITIALIZED_AUTOS = YES_AGGRESSIVE;
				GCC_WARN_UNUSED_FUNCTION = YES;
				GCC_WARN_UNUSED_VARIABLE = YES;
				IPHONEOS_DEPLOYMENT_TARGET = 8.0;
				METAL_ENABLE_DEBUG_INFO = NO;
				SDKROOT = iphoneos;
				VALIDATE_PRODUCT = YES;
			};
			name = Release;
		};
		4212B38B193E306D00A854DC /* Debug */ = {
			isa = XCBuildConfiguration;
			buildSettings = {
				ASSETCATALOG_COMPILER_APPICON_NAME = AppIcon;
				ASSETCATALOG_COMPILER_LAUNCHIMAGE_NAME = LaunchImage;
				INFOPLIST_FILE = "Swift Showcase/Info.plist";
				LD_RUNPATH_SEARCH_PATHS = "$(inherited) @executable_path/Frameworks";
				PRODUCT_NAME = "$(TARGET_NAME)";
			};
			name = Debug;
		};
		4212B38C193E306D00A854DC /* Release */ = {
			isa = XCBuildConfiguration;
			buildSettings = {
				ASSETCATALOG_COMPILER_APPICON_NAME = AppIcon;
				ASSETCATALOG_COMPILER_LAUNCHIMAGE_NAME = LaunchImage;
				INFOPLIST_FILE = "Swift Showcase/Info.plist";
				LD_RUNPATH_SEARCH_PATHS = "$(inherited) @executable_path/Frameworks";
				PRODUCT_NAME = "$(TARGET_NAME)";
			};
			name = Release;
		};
		4212B38E193E306D00A854DC /* Debug */ = {
			isa = XCBuildConfiguration;
			buildSettings = {
				BUNDLE_LOADER = "$(BUILT_PRODUCTS_DIR)/Swift Showcase.app/Swift Showcase";
				FRAMEWORK_SEARCH_PATHS = (
					"$(SDKROOT)/Developer/Library/Frameworks",
					"$(inherited)",
				);
				GCC_PREPROCESSOR_DEFINITIONS = (
					"DEBUG=1",
					"$(inherited)",
				);
				INFOPLIST_FILE = "Swift ShowcaseTests/Info.plist";
				LD_RUNPATH_SEARCH_PATHS = "$(inherited) @executable_path/Frameworks @loader_path/Frameworks";
				METAL_ENABLE_DEBUG_INFO = YES;
				PRODUCT_NAME = "$(TARGET_NAME)";
				TEST_HOST = "$(BUNDLE_LOADER)";
			};
			name = Debug;
		};
		4212B38F193E306D00A854DC /* Release */ = {
			isa = XCBuildConfiguration;
			buildSettings = {
				BUNDLE_LOADER = "$(BUILT_PRODUCTS_DIR)/Swift Showcase.app/Swift Showcase";
				FRAMEWORK_SEARCH_PATHS = (
					"$(SDKROOT)/Developer/Library/Frameworks",
					"$(inherited)",
				);
				INFOPLIST_FILE = "Swift ShowcaseTests/Info.plist";
				LD_RUNPATH_SEARCH_PATHS = "$(inherited) @executable_path/Frameworks @loader_path/Frameworks";
				METAL_ENABLE_DEBUG_INFO = NO;
				PRODUCT_NAME = "$(TARGET_NAME)";
				TEST_HOST = "$(BUNDLE_LOADER)";
			};
			name = Release;
		};
/* End XCBuildConfiguration section */

/* Begin XCConfigurationList section */
		4212B36E193E306D00A854DC /* Build configuration list for PBXProject "Swift Showcase" */ = {
			isa = XCConfigurationList;
			buildConfigurations = (
				4212B388193E306D00A854DC /* Debug */,
				4212B389193E306D00A854DC /* Release */,
			);
			defaultConfigurationIsVisible = 0;
			defaultConfigurationName = Release;
		};
		4212B38A193E306D00A854DC /* Build configuration list for PBXNativeTarget "Swift Showcase" */ = {
			isa = XCConfigurationList;
			buildConfigurations = (
				4212B38B193E306D00A854DC /* Debug */,
				4212B38C193E306D00A854DC /* Release */,
			);
			defaultConfigurationIsVisible = 0;
			defaultConfigurationName = Release;
		};
		4212B38D193E306D00A854DC /* Build configuration list for PBXNativeTarget "Swift ShowcaseTests" */ = {
			isa = XCConfigurationList;
			buildConfigurations = (
				4212B38E193E306D00A854DC /* Debug */,
				4212B38F193E306D00A854DC /* Release */,
			);
			defaultConfigurationIsVisible = 0;
			defaultConfigurationName = Release;
		};
/* End XCConfigurationList section */
	};
	rootObject = 4212B36B193E306D00A854DC /* Project object */;
}
